# This file is automatically @generated by Cargo.
# It is not intended for manual editing.
version = 4

[[package]]
name = "ahash"
version = "0.8.12"
source = "registry+https://github.com/rust-lang/crates.io-index"
checksum = "5a15f179cd60c4584b8a8c596927aadc462e27f2ca70c04e0071964a73ba7a75"
dependencies = [
 "cfg-if",
 "once_cell",
 "version_check",
 "zerocopy",
]

[[package]]
name = "anyhow"
version = "1.0.100"
source = "registry+https://github.com/rust-lang/crates.io-index"
checksum = "a23eb6b1614318a8071c9b2521f36b424b2c83db5eb3a0fead4a6c0809af6e61"

[[package]]
name = "app"
version = "0.1.0"
dependencies = [
 "dbm_core",
 "engine",
 "hex",
 "profiles",
 "ucf-protocol",
 "wire",
]

[[package]]
name = "arrayref"
version = "0.3.9"
source = "registry+https://github.com/rust-lang/crates.io-index"
checksum = "76a2e8124351fda1ef8aaaa3bbd7ebbcb486bbcd4225aca0aa0d84bb2db8fecb"

[[package]]
name = "arrayvec"
version = "0.7.6"
source = "registry+https://github.com/rust-lang/crates.io-index"
checksum = "7c02d123df017efcdfbd739ef81735b36c5ba83ec3c59c80a9d7ecc718f92e50"

[[package]]
name = "asset_chunker"
version = "0.1.0"
dependencies = [
 "blake3",
 "prost",
 "thiserror 1.0.69",
 "ucf-protocol",
 "zstd",
]

[[package]]
name = "asset_rehydration"
version = "0.1.0"
dependencies = [
 "asset_chunker",
 "biophys_assets",
 "biophys_core",
 "biophys_runtime",
 "blake3",
 "prost",
 "pvgs_client",
 "thiserror 1.0.69",
 "ucf-protocol",
 "zstd",
]

[[package]]
name = "assets"
version = "0.1.0"
dependencies = [
 "thiserror 1.0.69",
]

[[package]]
name = "autocfg"
version = "1.5.0"
source = "registry+https://github.com/rust-lang/crates.io-index"
checksum = "c08606f8c3cbf4ce6ec8e28fb0014a2c086708fe954eaa885384a6165172e7e8"

[[package]]
name = "baseline_resolver"
version = "0.1.0"
dependencies = [
 "dbm_core",
 "ucf-protocol",
]

[[package]]
name = "bincode"
version = "1.3.3"
source = "registry+https://github.com/rust-lang/crates.io-index"
checksum = "b1f45e9417d87227c7a56d22e471c6206462cba514c7590c09aff4cf6d1ddcad"
dependencies = [
 "serde",
]

[[package]]
name = "biophys_asset_builder"
version = "0.1.0"
dependencies = [
 "asset_rehydration",
 "biophys_assets",
 "thiserror 1.0.69",
]

[[package]]
name = "biophys_assets"
version = "0.1.0"
dependencies = [
 "blake3",
 "prost",
 "ucf-protocol",
]

[[package]]
name = "biophys_channels"
version = "0.1.0"

[[package]]
name = "biophys_compartmental_solver"
version = "0.1.0"
dependencies = [
 "biophys_channels",
 "biophys_core",
 "biophys_morphology",
 "biophys_synapses_l4",
 "blake3",
]

[[package]]
name = "biophys_core"
version = "0.1.0"

[[package]]
name = "biophys_event_queue_l4"
version = "0.1.0"

[[package]]
name = "biophys_feedback"
version = "0.1.0"
dependencies = [
 "biophys_governance",
 "blake3",
]

[[package]]
name = "biophys_governance"
version = "0.1.0"
dependencies = [
 "biophys_core",
 "ucf-protocol",
]

[[package]]
name = "biophys_homeostasis_l4"
version = "0.1.0"
dependencies = [
 "blake3",
]

[[package]]
name = "biophys_injection"
version = "0.1.0"
dependencies = [
 "biophys_core",
 "biophys_synapses_l4",
]

[[package]]
name = "biophys_morphology"
version = "0.1.0"
dependencies = [
 "biophys_core",
]

[[package]]
name = "biophys_plasticity_l4"
version = "0.1.0"
dependencies = [
 "blake3",
]

[[package]]
name = "biophys_runtime"
version = "0.1.0"
dependencies = [
 "biophys_core",
 "biophys_injection",
 "biophys_solver",
 "blake3",
]

[[package]]
name = "biophys_solver"
version = "0.1.0"
dependencies = [
 "biophys_core",
]

[[package]]
name = "biophys_synapses_l4"
version = "0.1.0"
dependencies = [
 "biophys_channels",
 "biophys_compartmental_solver",
 "biophys_core",
 "biophys_event_queue_l4",
 "biophys_morphology",
 "biophys_plasticity_l4",
]

[[package]]
name = "biophys_targeting_l4"
version = "0.1.0"
dependencies = [
 "biophys_core",
 "biophys_morphology",
 "biophys_synapses_l4",
 "blake3",
]

[[package]]
name = "biophys_trace"
version = "0.1.0"
dependencies = [
 "biophys_asset_builder",
 "biophys_assets",
 "biophys_core",
 "blake3",
 "dbm_core",
 "microcircuit_core",
 "microcircuit_sn_l4",
 "microcircuit_sn_stub",
 "pvgs_client",
 "tempfile",
 "thiserror 1.0.69",
]

[[package]]
name = "bit-set"
version = "0.8.0"
source = "registry+https://github.com/rust-lang/crates.io-index"
checksum = "08807e080ed7f9d5433fa9b275196cfc35414f66a0c79d864dc51a0d825231a3"
dependencies = [
 "bit-vec",
]

[[package]]
name = "bit-vec"
version = "0.8.0"
source = "registry+https://github.com/rust-lang/crates.io-index"
checksum = "5e764a1d40d510daf35e07be9eb06e75770908c27d411ee6c92109c9840eaaf7"

[[package]]
name = "bitflags"
version = "2.10.0"
source = "registry+https://github.com/rust-lang/crates.io-index"
checksum = "812e12b5285cc515a9c72a5c1d3b6d46a19dac5acfef5265968c166106e31dd3"

[[package]]
name = "blake3"
version = "1.8.2"
source = "registry+https://github.com/rust-lang/crates.io-index"
checksum = "3888aaa89e4b2a40fca9848e400f6a658a5a3978de7be858e209cafa8be9a4a0"
dependencies = [
 "arrayref",
 "arrayvec",
 "cc",
 "cfg-if",
 "constant_time_eq",
]

[[package]]
name = "block-buffer"
version = "0.10.4"
source = "registry+https://github.com/rust-lang/crates.io-index"
checksum = "3078c7629b62d3f0439517fa394996acacc5cbc91c5a20d8c658e77abd503a71"
dependencies = [
 "generic-array",
]

[[package]]
name = "bytes"
version = "1.11.0"
source = "registry+https://github.com/rust-lang/crates.io-index"
checksum = "b35204fbdc0b3f4446b89fc1ac2cf84a8a68971995d0bf2e925ec7cd960f9cb3"

[[package]]
name = "cc"
version = "1.2.49"
source = "registry+https://github.com/rust-lang/crates.io-index"
checksum = "90583009037521a116abf44494efecd645ba48b6622457080f080b85544e2215"
dependencies = [
 "find-msvc-tools",
 "jobserver",
 "libc",
 "shlex",
]

[[package]]
name = "cfg-if"
version = "1.0.4"
source = "registry+https://github.com/rust-lang/crates.io-index"
checksum = "9330f8b2ff13f34540b44e946ef35111825727b38d33286ef986142615121801"

[[package]]
name = "chip4"
version = "0.1.0"
dependencies = [
 "prost",
 "ucf-protocol",
]

[[package]]
name = "constant_time_eq"
version = "0.3.1"
source = "registry+https://github.com/rust-lang/crates.io-index"
checksum = "7c74b8349d32d297c9134b8c88677813a227df8f779daa29bfc29c183fe3dca6"

[[package]]
name = "cpufeatures"
version = "0.2.17"
source = "registry+https://github.com/rust-lang/crates.io-index"
checksum = "59ed5838eebb26a2bb2e58f6d5b5316989ae9d08bab10e0e6d103e656d1b0280"
dependencies = [
 "libc",
]

[[package]]
name = "crypto-common"
version = "0.1.7"
source = "registry+https://github.com/rust-lang/crates.io-index"
checksum = "78c8292055d1c1df0cce5d180393dc8cce0abec0a7102adb6c7b1eef6016d60a"
dependencies = [
 "generic-array",
 "typenum",
]

[[package]]
name = "dbm_0_sn"
version = "0.1.0"
dependencies = [
 "biophys_feedback",
 "dbm_core",
 "microcircuit_core",
 "microcircuit_sn_attractor",
 "microcircuit_sn_biophys",
 "microcircuit_sn_l4",
 "microcircuit_sn_stub",
]

[[package]]
name = "dbm_12_insula"
version = "0.1.0"
dependencies = [
 "dbm_core",
 "microcircuit_core",
 "microcircuit_insula_fusion",
 "microcircuit_insula_l4",
 "microcircuit_insula_stub",
]

[[package]]
name = "dbm_13_hypothalamus"
version = "0.1.0"
dependencies = [
 "dbm_core",
 "microcircuit_core",
 "microcircuit_hypothalamus_l4",
 "microcircuit_hypothalamus_setpoint",
 "microcircuit_pag_stub",
 "microcircuit_pmrf_stub",
]

[[package]]
name = "dbm_18_cerebellum"
version = "0.1.0"
dependencies = [
 "dbm_core",
 "microcircuit_cerebellum_pop",
 "microcircuit_cerebellum_stub",
 "microcircuit_core",
]

[[package]]
name = "dbm_6_dopamin_nacc"
version = "0.1.0"
dependencies = [
 "dbm_core",
 "microcircuit_core",
 "microcircuit_dopamin_attractor",
 "microcircuit_dopamin_stub",
]

[[package]]
name = "dbm_7_lc"
version = "0.1.0"
dependencies = [
 "dbm_core",
 "microcircuit_core",
 "microcircuit_lc_biophys",
 "microcircuit_lc_l4",
 "microcircuit_lc_spike",
 "microcircuit_lc_stub",
]

[[package]]
name = "dbm_8_serotonin"
version = "0.1.0"
dependencies = [
 "dbm_core",
 "microcircuit_core",
 "microcircuit_serotonin_attractor",
 "microcircuit_serotonin_stub",
]

[[package]]
name = "dbm_9_amygdala"
version = "0.1.0"
dependencies = [
 "biophys_core",
 "dbm_core",
 "microcircuit_amygdala_biophys",
 "microcircuit_amygdala_l4",
 "microcircuit_amygdala_pop",
 "microcircuit_amygdala_stub",
 "microcircuit_core",
]

[[package]]
name = "dbm_bus"
version = "0.1.0"
dependencies = [
 "baseline_resolver",
 "biophys_core",
 "biophys_feedback",
 "biophys_governance",
 "biophys_injection",
 "dbm_0_sn",
 "dbm_12_insula",
 "dbm_13_hypothalamus",
 "dbm_18_cerebellum",
 "dbm_6_dopamin_nacc",
 "dbm_7_lc",
 "dbm_8_serotonin",
 "dbm_9_amygdala",
 "dbm_core",
 "dbm_hpa",
 "dbm_pag",
 "dbm_pmrf",
 "dbm_pprf",
 "dbm_sc",
 "dbm_stn",
 "emotion_field",
 "microcircuit_core",
 "ucf-protocol",
]

[[package]]
name = "dbm_core"
version = "0.1.0"

[[package]]
name = "dbm_hpa"
version = "0.1.0"
dependencies = [
 "dbm_core",
 "memristor_backend",
 "microcircuit_core",
 "microcircuit_hpa_memristor",
 "serde",
 "serde_json",
 "tempfile",
]

[[package]]
name = "dbm_pag"
version = "0.1.0"
dependencies = [
 "biophys_core",
 "dbm_core",
 "microcircuit_core",
 "microcircuit_pag_attractor",
 "microcircuit_pag_biophys",
 "microcircuit_pag_l4",
 "microcircuit_pag_stub",
]

[[package]]
name = "dbm_pmrf"
version = "0.1.0"
dependencies = [
 "biophys_core",
 "dbm_core",
 "microcircuit_core",
 "microcircuit_pmrf_biophys",
 "microcircuit_pmrf_rhythm",
 "microcircuit_pmrf_stub",
]

[[package]]
name = "dbm_pprf"
version = "0.1.0"
dependencies = [
 "dbm_core",
 "dbm_sc",
]

[[package]]
name = "dbm_sc"
version = "0.1.0"
dependencies = [
 "dbm_core",
 "microcircuit_core",
 "microcircuit_sc_attractor",
 "microcircuit_sc_stub",
]

[[package]]
name = "dbm_stn"
version = "0.1.0"
dependencies = [
 "biophys_core",
 "dbm_core",
 "microcircuit_core",
 "microcircuit_stn_biophys",
 "microcircuit_stn_hold",
 "microcircuit_stn_stub",
]

[[package]]
name = "digest"
version = "0.10.7"
source = "registry+https://github.com/rust-lang/crates.io-index"
checksum = "9ed9a281f7bc9b7576e61468ba615a66a5c8cfdff42420a70aa82701a3b1e292"
dependencies = [
 "block-buffer",
 "crypto-common",
]

[[package]]
name = "either"
version = "1.15.0"
source = "registry+https://github.com/rust-lang/crates.io-index"
checksum = "48c757948c5ede0e46177b7add2e67155f70e33c07fea8284df6576da70b3719"

[[package]]
name = "emotion_field"
version = "0.1.0"
dependencies = [
 "dbm_core",
 "dbm_pag",
]

[[package]]
name = "engine"
version = "0.1.0"
dependencies = [
 "asset_chunker",
 "baseline_resolver",
 "biophys_assets",
 "biophys_core",
 "blake3",
 "chip4",
 "dbm_0_sn",
 "dbm_12_insula",
 "dbm_13_hypothalamus",
 "dbm_18_cerebellum",
 "dbm_6_dopamin_nacc",
 "dbm_7_lc",
 "dbm_8_serotonin",
 "dbm_9_amygdala",
 "dbm_bus",
 "dbm_core",
 "dbm_hpa",
 "dbm_pag",
 "dbm_pmrf",
 "dbm_pprf",
 "dbm_sc",
 "dbm_stn",
 "emotion_field",
 "profiles",
 "prost",
 "pvgs_client",
 "rsv",
 "ucf-protocol",
 "wire",
]

[[package]]
name = "equivalent"
version = "1.0.2"
source = "registry+https://github.com/rust-lang/crates.io-index"
checksum = "877a4ace8713b0bcf2a4e7eec82529c029f1d0619886d18145fea96c3ffe5c0f"

[[package]]
name = "errno"
version = "0.3.14"
source = "registry+https://github.com/rust-lang/crates.io-index"
checksum = "39cab71617ae0d63f51a36d69f866391735b51691dbda63cf6f96d042b63efeb"
dependencies = [
 "libc",
 "windows-sys",
]

[[package]]
name = "fastrand"
version = "2.3.0"
source = "registry+https://github.com/rust-lang/crates.io-index"
checksum = "37909eebbb50d72f9059c3b6d82c0463f2ff062c9e95845c43a6c9c0355411be"

[[package]]
name = "find-msvc-tools"
version = "0.1.5"
source = "registry+https://github.com/rust-lang/crates.io-index"
checksum = "3a3076410a55c90011c298b04d0cfa770b00fa04e1e3c97d3f6c9de105a03844"

[[package]]
name = "fnv"
version = "1.0.7"
source = "registry+https://github.com/rust-lang/crates.io-index"
checksum = "3f9eec918d3f24069decb9af1554cad7c880e2da24a9afd88aca000531ab82c1"

[[package]]
name = "generic-array"
version = "0.14.7"
source = "registry+https://github.com/rust-lang/crates.io-index"
checksum = "85649ca51fd72272d7821adaf274ad91c288277713d9c18820d8499a7ff69e9a"
dependencies = [
 "typenum",
 "version_check",
]

[[package]]
name = "getrandom"
version = "0.3.4"
source = "registry+https://github.com/rust-lang/crates.io-index"
checksum = "899def5c37c4fd7b2664648c28120ecec138e4d395b459e5ca34f9cce2dd77fd"
dependencies = [
 "cfg-if",
 "libc",
 "r-efi",
 "wasip2",
]

[[package]]
name = "hashbrown"
version = "0.16.1"
source = "registry+https://github.com/rust-lang/crates.io-index"
checksum = "841d1cc9bed7f9236f321df977030373f4a4163ae1a7dbfe1a51a2c1a51d9100"

[[package]]
name = "hex"
version = "0.4.3"
source = "registry+https://github.com/rust-lang/crates.io-index"
checksum = "7f24254aa9a54b5c858eaee2f5bccdb46aaf0e486a595ed5fd8f86ba55232a70"

[[package]]
name = "hpa"
version = "0.1.0"
dependencies = [
 "serde",
 "thiserror 1.0.69",
]

[[package]]
name = "indexmap"
version = "2.12.1"
source = "registry+https://github.com/rust-lang/crates.io-index"
checksum = "0ad4bb2b565bca0645f4d68c5c9af97fba094e9791da685bf83cb5f3ce74acf2"
dependencies = [
 "equivalent",
 "hashbrown",
]

[[package]]
name = "itertools"
version = "0.12.1"
source = "registry+https://github.com/rust-lang/crates.io-index"
checksum = "ba291022dbbd398a455acf126c1e341954079855bc60dfdda641363bd6922569"
dependencies = [
 "either",
]

[[package]]
name = "itoa"
version = "1.0.15"
source = "registry+https://github.com/rust-lang/crates.io-index"
checksum = "4a5f13b858c8d314ee3e8f639011f7ccefe71f97f96e50151fb991f267928e2c"

[[package]]
name = "jobserver"
version = "0.1.34"
source = "registry+https://github.com/rust-lang/crates.io-index"
checksum = "9afb3de4395d6b3e67a780b6de64b51c978ecf11cb9a462c66be7d4ca9039d33"
dependencies = [
 "getrandom",
 "libc",
]

[[package]]
name = "lazy_static"
version = "1.5.0"
source = "registry+https://github.com/rust-lang/crates.io-index"
checksum = "bbd2bcb4c963f2ddae06a2efc7e9f3591312473c50c6685e1f298068316e66fe"

[[package]]
name = "libc"
version = "0.2.178"
source = "registry+https://github.com/rust-lang/crates.io-index"
checksum = "37c93d8daa9d8a012fd8ab92f088405fb202ea0b6ab73ee2482ae66af4f42091"

[[package]]
name = "linux-raw-sys"
version = "0.11.0"
source = "registry+https://github.com/rust-lang/crates.io-index"
checksum = "df1d3c3b53da64cf5760482273a98e575c651a67eec7f77df96b5b642de8f039"

[[package]]
name = "lock_api"
version = "0.4.14"
source = "registry+https://github.com/rust-lang/crates.io-index"
checksum = "224399e74b87b5f3557511d98dff8b14089b3dadafcab6bb93eab67d3aace965"
dependencies = [
 "scopeguard",
]

[[package]]
name = "log"
version = "0.4.29"
source = "registry+https://github.com/rust-lang/crates.io-index"
checksum = "5e5032e24019045c762d3c0f28f5b6b8bbf38563a65908389bf7978758920897"

[[package]]
name = "memchr"
version = "2.7.6"
source = "registry+https://github.com/rust-lang/crates.io-index"
checksum = "f52b00d39961fc5b2736ea853c9cc86238e165017a493d1d5c8eac6bdc4cc273"

[[package]]
name = "memristor_backend"
version = "0.1.0"
dependencies = [
 "blake3",
]

[[package]]
name = "metrics"
version = "0.24.3"
source = "registry+https://github.com/rust-lang/crates.io-index"
checksum = "5d5312e9ba3771cfa961b585728215e3d972c950a3eed9252aa093d6301277e8"
dependencies = [
 "ahash",
 "portable-atomic",
]

[[package]]
name = "microcircuit_amygdala_biophys"
version = "0.1.0"
dependencies = [
 "biophys_core",
 "biophys_runtime",
 "dbm_core",
 "microcircuit_amygdala_stub",
 "microcircuit_core",
]

[[package]]
name = "microcircuit_amygdala_l4"
version = "0.1.0"
dependencies = [
 "asset_chunker",
 "asset_rehydration",
 "biophys_asset_builder",
 "biophys_assets",
 "biophys_channels",
 "biophys_compartmental_solver",
 "biophys_core",
 "biophys_event_queue_l4",
 "biophys_homeostasis_l4",
 "biophys_morphology",
 "biophys_plasticity_l4",
 "biophys_synapses_l4",
 "biophys_targeting_l4",
 "blake3",
 "dbm_core",
 "microcircuit_amygdala_stub",
 "microcircuit_core",
 "prost",
 "ucf-protocol",
]

[[package]]
name = "microcircuit_amygdala_pop"
version = "0.1.0"
dependencies = [
 "biophys_core",
 "dbm_core",
 "microcircuit_amygdala_stub",
 "microcircuit_core",
]

[[package]]
name = "microcircuit_amygdala_stub"
version = "0.1.0"
dependencies = [
 "biophys_core",
 "dbm_core",
]

[[package]]
name = "microcircuit_cerebellum_pop"
version = "0.1.0"
dependencies = [
 "dbm_core",
 "microcircuit_cerebellum_stub",
 "microcircuit_core",
]

[[package]]
name = "microcircuit_cerebellum_stub"
version = "0.1.0"
dependencies = [
 "dbm_core",
]

[[package]]
name = "microcircuit_core"
version = "0.1.0"
dependencies = [
 "biophys_feedback",
 "blake3",
]

[[package]]
name = "microcircuit_dopamin_attractor"
version = "0.1.0"
dependencies = [
 "dbm_core",
 "microcircuit_core",
 "microcircuit_dopamin_stub",
]

[[package]]
name = "microcircuit_dopamin_stub"
version = "0.1.0"
dependencies = [
 "dbm_core",
 "microcircuit_core",
]

[[package]]
name = "microcircuit_hpa_memristor"
version = "0.1.0"
dependencies = [
 "dbm_core",
 "memristor_backend",
 "microcircuit_core",
]

[[package]]
name = "microcircuit_hypothalamus_l4"
version = "0.1.0"
dependencies = [
 "asset_chunker",
 "asset_rehydration",
 "biophys_asset_builder",
 "biophys_assets",
 "biophys_channels",
 "biophys_compartmental_solver",
 "biophys_core",
 "biophys_event_queue_l4",
 "biophys_homeostasis_l4",
 "biophys_morphology",
 "biophys_plasticity_l4",
 "biophys_synapses_l4",
 "biophys_targeting_l4",
 "blake3",
 "dbm_core",
 "microcircuit_core",
 "microcircuit_hypothalamus_setpoint",
 "microcircuit_pag_stub",
 "microcircuit_pmrf_stub",
 "prost",
 "ucf-protocol",
]

[[package]]
name = "microcircuit_hypothalamus_setpoint"
version = "0.1.0"
dependencies = [
 "dbm_core",
 "microcircuit_core",
 "microcircuit_pag_stub",
 "microcircuit_pmrf_stub",
]

[[package]]
name = "microcircuit_insula_fusion"
version = "0.1.0"
dependencies = [
 "dbm_core",
 "microcircuit_core",
 "microcircuit_insula_stub",
 "microcircuit_pag_stub",
]

[[package]]
name = "microcircuit_insula_l4"
version = "0.1.0"
dependencies = [
 "biophys_channels",
 "biophys_compartmental_solver",
 "biophys_core",
 "biophys_event_queue_l4",
 "biophys_homeostasis_l4",
 "biophys_morphology",
 "biophys_plasticity_l4",
 "biophys_synapses_l4",
 "biophys_targeting_l4",
 "blake3",
 "dbm_core",
 "microcircuit_core",
 "microcircuit_insula_stub",
]

[[package]]
name = "microcircuit_insula_stub"
version = "0.1.0"
dependencies = [
 "dbm_core",
 "microcircuit_pag_stub",
]

[[package]]
name = "microcircuit_lc_biophys"
version = "0.1.0"
dependencies = [
 "biophys_core",
 "biophys_runtime",
 "dbm_core",
 "microcircuit_core",
 "microcircuit_lc_stub",
]

[[package]]
name = "microcircuit_lc_l4"
version = "0.1.0"
dependencies = [
 "biophys_channels",
 "biophys_compartmental_solver",
 "biophys_core",
 "biophys_morphology",
 "blake3",
 "dbm_core",
 "microcircuit_core",
 "microcircuit_lc_stub",
]

[[package]]
name = "microcircuit_lc_spike"
version = "0.1.0"
dependencies = [
 "biophys_core",
 "dbm_core",
 "microcircuit_core",
 "microcircuit_lc_stub",
]

[[package]]
name = "microcircuit_lc_stub"
version = "0.1.0"
dependencies = [
 "biophys_core",
 "dbm_core",
 "microcircuit_core",
]

[[package]]
name = "microcircuit_pag_attractor"
version = "0.1.0"
dependencies = [
 "biophys_core",
 "dbm_core",
 "microcircuit_core",
 "microcircuit_pag_stub",
]

[[package]]
name = "microcircuit_pag_biophys"
version = "0.1.0"
dependencies = [
 "biophys_core",
 "biophys_runtime",
 "dbm_core",
 "microcircuit_core",
 "microcircuit_pag_stub",
]

[[package]]
name = "microcircuit_pag_l4"
version = "0.1.0"
dependencies = [
 "biophys_channels",
 "biophys_compartmental_solver",
 "biophys_core",
 "biophys_event_queue_l4",
 "biophys_homeostasis_l4",
 "biophys_morphology",
 "biophys_plasticity_l4",
 "biophys_synapses_l4",
 "biophys_targeting_l4",
 "blake3",
 "dbm_core",
 "microcircuit_core",
 "microcircuit_pag_stub",
]

[[package]]
name = "microcircuit_pag_stub"
version = "0.1.0"
dependencies = [
 "biophys_core",
 "dbm_core",
]

[[package]]
name = "microcircuit_pmrf_biophys"
version = "0.1.0"
dependencies = [
 "biophys_core",
 "biophys_runtime",
 "dbm_core",
 "microcircuit_core",
 "microcircuit_pmrf_stub",
]

[[package]]
name = "microcircuit_pmrf_rhythm"
version = "0.1.0"
dependencies = [
 "biophys_core",
 "dbm_core",
 "microcircuit_core",
 "microcircuit_pmrf_stub",
]

[[package]]
name = "microcircuit_pmrf_stub"
version = "0.1.0"
dependencies = [
 "biophys_core",
 "dbm_core",
]

[[package]]
name = "microcircuit_sc_attractor"
version = "0.1.0"
dependencies = [
 "dbm_core",
 "microcircuit_core",
 "microcircuit_sc_stub",
]

[[package]]
name = "microcircuit_sc_stub"
version = "0.1.0"
dependencies = [
 "dbm_core",
]

[[package]]
name = "microcircuit_serotonin_attractor"
version = "0.1.0"
dependencies = [
 "dbm_core",
 "microcircuit_core",
 "microcircuit_serotonin_stub",
]

[[package]]
name = "microcircuit_serotonin_stub"
version = "0.1.0"
dependencies = [
 "dbm_core",
 "microcircuit_core",
]

[[package]]
name = "microcircuit_sn_attractor"
version = "0.1.0"
dependencies = [
 "dbm_core",
 "microcircuit_core",
 "microcircuit_sn_stub",
]

[[package]]
name = "microcircuit_sn_biophys"
version = "0.1.0"
dependencies = [
 "biophys_core",
 "biophys_feedback",
 "biophys_runtime",
 "dbm_core",
 "microcircuit_core",
 "microcircuit_sn_stub",
]

[[package]]
name = "microcircuit_sn_l4"
version = "0.1.0"
dependencies = [
 "asset_chunker",
 "asset_rehydration",
 "biophys_asset_builder",
 "biophys_assets",
 "biophys_channels",
 "biophys_compartmental_solver",
 "biophys_core",
 "biophys_event_queue_l4",
 "biophys_feedback",
 "biophys_governance",
 "biophys_homeostasis_l4",
 "biophys_injection",
 "biophys_morphology",
 "biophys_plasticity_l4",
 "biophys_synapses_l4",
 "biophys_targeting_l4",
 "blake3",
 "dbm_core",
 "microcircuit_core",
 "microcircuit_sn_stub",
 "prost",
 "ucf-protocol",
]

[[package]]
name = "microcircuit_sn_stub"
version = "0.1.0"
dependencies = [
 "biophys_core",
 "dbm_core",
 "microcircuit_core",
]

[[package]]
name = "microcircuit_stn_biophys"
version = "0.1.0"
dependencies = [
 "biophys_core",
 "biophys_runtime",
 "dbm_core",
 "microcircuit_core",
 "microcircuit_stn_stub",
]

[[package]]
name = "microcircuit_stn_hold"
version = "0.1.0"
dependencies = [
 "biophys_core",
 "dbm_core",
 "microcircuit_core",
 "microcircuit_stn_stub",
]

[[package]]
name = "microcircuit_stn_stub"
version = "0.1.0"
dependencies = [
 "biophys_core",
 "dbm_core",
]

[[package]]
name = "num-traits"
version = "0.2.19"
source = "registry+https://github.com/rust-lang/crates.io-index"
checksum = "071dfc062690e90b734c0b2273ce72ad0ffa95f0c74596bc250dcfd960262841"
dependencies = [
 "autocfg",
]

[[package]]
name = "once_cell"
version = "1.21.3"
source = "registry+https://github.com/rust-lang/crates.io-index"
checksum = "42f5e15c9953c5e4ccceeb2e7382a716482c34515315f7b03532b8b4e8393d2d"

[[package]]
name = "parking_lot"
version = "0.12.5"
source = "registry+https://github.com/rust-lang/crates.io-index"
checksum = "93857453250e3077bd71ff98b6a65ea6621a19bb0f559a85248955ac12c45a1a"
dependencies = [
 "lock_api",
 "parking_lot_core",
]

[[package]]
name = "parking_lot_core"
version = "0.9.12"
source = "registry+https://github.com/rust-lang/crates.io-index"
checksum = "2621685985a2ebf1c516881c026032ac7deafcda1a2c9b7850dc81e3dfcb64c1"
dependencies = [
 "cfg-if",
 "libc",
 "redox_syscall",
 "smallvec",
 "windows-link",
]

[[package]]
name = "pin-project-lite"
version = "0.2.16"
source = "registry+https://github.com/rust-lang/crates.io-index"
checksum = "3b3cff922bd51709b605d9ead9aa71031d81447142d828eb4a6eba76fe619f9b"

[[package]]
name = "pkg-config"
version = "0.3.32"
source = "registry+https://github.com/rust-lang/crates.io-index"
checksum = "7edddbd0b52d732b21ad9a5fab5c704c14cd949e5e9a1ec5929a24fded1b904c"

[[package]]
name = "portable-atomic"
version = "1.13.0"
source = "registry+https://github.com/rust-lang/crates.io-index"
checksum = "f89776e4d69bb58bc6993e99ffa1d11f228b839984854c7daeb5d37f87cbe950"

[[package]]
name = "ppv-lite86"
version = "0.2.21"
source = "registry+https://github.com/rust-lang/crates.io-index"
checksum = "85eae3c4ed2f50dcfe72643da4befc30deadb458a9b590d720cde2f2b1e97da9"
dependencies = [
 "zerocopy",
]

[[package]]
name = "proc-macro2"
version = "1.0.103"
source = "registry+https://github.com/rust-lang/crates.io-index"
checksum = "5ee95bc4ef87b8d5ba32e8b7714ccc834865276eab0aed5c9958d00ec45f49e8"
dependencies = [
 "unicode-ident",
]

[[package]]
name = "profiles"
version = "0.1.0"
dependencies = [
 "rsv",
 "serde",
 "serde_yaml",
 "thiserror 1.0.69",
 "ucf-protocol",
]

[[package]]
name = "proptest"
version = "1.8.0"
source = "registry+https://github.com/rust-lang/crates.io-index"
checksum = "2bb0be07becd10686a0bb407298fb425360a5c44a663774406340c59a22de4ce"
dependencies = [
 "bit-set",
 "bit-vec",
 "bitflags",
 "lazy_static",
 "num-traits",
 "rand",
 "rand_chacha",
 "rand_xorshift",
 "regex-syntax",
 "rusty-fork",
 "tempfile",
 "unarray",
]

[[package]]
name = "prost"
version = "0.12.6"
source = "registry+https://github.com/rust-lang/crates.io-index"
checksum = "deb1435c188b76130da55f17a466d252ff7b1418b2ad3e037d127b94e3411f29"
dependencies = [
 "bytes",
 "prost-derive",
]

[[package]]
name = "prost-derive"
version = "0.12.6"
source = "registry+https://github.com/rust-lang/crates.io-index"
checksum = "81bddcdb20abf9501610992b6759a4c888aef7d1a7247ef75e2404275ac24af1"
dependencies = [
 "anyhow",
 "itertools",
 "proc-macro2",
 "quote",
 "syn",
]

[[package]]
name = "pvgs"
version = "0.1.0"
dependencies = [
 "assets",
 "blake3",
 "thiserror 1.0.69",
 "ucf-protocol",
]

[[package]]
name = "pvgs_client"
version = "0.1.0"
dependencies = [
 "chip4",
 "serde",
 "thiserror 1.0.69",
 "ucf-protocol",
]

[[package]]
name = "query"
version = "0.1.0"
dependencies = [
 "assets",
 "pvgs",
]

[[package]]
name = "quick-error"
version = "1.2.3"
source = "registry+https://github.com/rust-lang/crates.io-index"
checksum = "a1d01941d82fa2ab50be1e79e6714289dd7cde78eba4c074bc5a4374f650dfe0"

[[package]]
name = "quote"
version = "1.0.42"
source = "registry+https://github.com/rust-lang/crates.io-index"
checksum = "a338cc41d27e6cc6dce6cefc13a0729dfbb81c262b1f519331575dd80ef3067f"
dependencies = [
 "proc-macro2",
]

[[package]]
name = "r-efi"
version = "5.3.0"
source = "registry+https://github.com/rust-lang/crates.io-index"
checksum = "69cdb34c158ceb288df11e18b4bd39de994f6657d83847bdffdbd7f346754b0f"

[[package]]
name = "rand"
version = "0.9.2"
source = "registry+https://github.com/rust-lang/crates.io-index"
checksum = "6db2770f06117d490610c7488547d543617b21bfa07796d7a12f6f1bd53850d1"
dependencies = [
 "rand_chacha",
 "rand_core",
]

[[package]]
name = "rand_chacha"
version = "0.9.0"
source = "registry+https://github.com/rust-lang/crates.io-index"
checksum = "d3022b5f1df60f26e1ffddd6c66e8aa15de382ae63b3a0c1bfc0e4d3e3f325cb"
dependencies = [
 "ppv-lite86",
 "rand_core",
]

[[package]]
name = "rand_core"
version = "0.9.5"
source = "registry+https://github.com/rust-lang/crates.io-index"
checksum = "76afc826de14238e6e8c374ddcc1fa19e374fd8dd986b0d2af0d02377261d83c"
dependencies = [
 "getrandom",
]

[[package]]
name = "rand_xorshift"
version = "0.4.0"
source = "registry+https://github.com/rust-lang/crates.io-index"
checksum = "513962919efc330f829edb2535844d1b912b0fbe2ca165d613e4e8788bb05a5a"
dependencies = [
 "rand_core",
]

[[package]]
name = "redox_syscall"
version = "0.5.18"
source = "registry+https://github.com/rust-lang/crates.io-index"
checksum = "ed2bf2547551a7053d6fdfafda3f938979645c44812fbfcda098faae3f1a362d"
dependencies = [
 "bitflags",
]

[[package]]
name = "regex-syntax"
version = "0.8.8"
source = "registry+https://github.com/rust-lang/crates.io-index"
checksum = "7a2d987857b319362043e95f5353c0535c1f58eec5336fdfcf626430af7def58"

[[package]]
name = "replay_evidence"
version = "0.1.0"
dependencies = [
 "hex",
 "prost",
 "ucf-protocol",
]

[[package]]
name = "replay_executor"
version = "0.1.0"
dependencies = [
 "asset_chunker",
 "asset_rehydration",
 "biophys_asset_builder",
 "biophys_assets",
 "blake3",
 "dbm_core",
 "microcircuit_amygdala_l4",
 "microcircuit_amygdala_stub",
 "microcircuit_core",
 "microcircuit_hypothalamus_l4",
 "microcircuit_hypothalamus_setpoint",
 "microcircuit_sn_l4",
 "microcircuit_sn_stub",
 "prost",
 "pvgs_client",
 "thiserror 1.0.69",
 "ucf-protocol",
]

[[package]]
name = "rpp-pruning"
version = "0.1.0"
dependencies = [
 "bincode",
 "serde",
 "serde_json",
]

[[package]]
name = "rsv"
version = "0.1.0"
dependencies = [
 "serde",
 "thiserror 1.0.69",
 "ucf-protocol",
]

[[package]]
name = "rustix"
version = "1.1.3"
source = "registry+https://github.com/rust-lang/crates.io-index"
checksum = "146c9e247ccc180c1f61615433868c99f3de3ae256a30a43b49f67c2d9171f34"
dependencies = [
 "bitflags",
 "errno",
 "libc",
 "linux-raw-sys",
 "windows-sys",
]

[[package]]
name = "rusty-fork"
version = "0.3.1"
source = "registry+https://github.com/rust-lang/crates.io-index"
checksum = "cc6bf79ff24e648f6da1f8d1f011e9cac26491b619e6b9280f2b47f1774e6ee2"
dependencies = [
 "fnv",
 "quick-error",
 "tempfile",
 "wait-timeout",
]

[[package]]
name = "ryu"
version = "1.0.20"
source = "registry+https://github.com/rust-lang/crates.io-index"
checksum = "28d3b2b1366ec20994f1fd18c3c594f05c5dd4bc44d8bb0c1c632c8d6829481f"

[[package]]
name = "scopeguard"
version = "1.2.0"
source = "registry+https://github.com/rust-lang/crates.io-index"
checksum = "94143f37725109f92c262ed2cf5e59bce7498c01bcc1502d7b9afe439a4e9f49"

[[package]]
name = "scorecards"
version = "0.1.0"
dependencies = [
 "assets",
 "hex",
 "pvgs",
 "query",
]

[[package]]
name = "serde"
version = "1.0.225"
source = "registry+https://github.com/rust-lang/crates.io-index"
checksum = "fd6c24dee235d0da097043389623fb913daddf92c76e9f5a1db88607a0bcbd1d"
dependencies = [
 "serde_core",
 "serde_derive",
]

[[package]]
name = "serde-big-array"
version = "0.5.1"
source = "registry+https://github.com/rust-lang/crates.io-index"
checksum = "11fc7cc2c76d73e0f27ee52abbd64eec84d46f370c88371120433196934e4b7f"
dependencies = [
 "serde",
]

[[package]]
name = "serde_core"
version = "1.0.225"
source = "registry+https://github.com/rust-lang/crates.io-index"
checksum = "659356f9a0cb1e529b24c01e43ad2bdf520ec4ceaf83047b83ddcc2251f96383"
dependencies = [
 "serde_derive",
]

[[package]]
name = "serde_derive"
version = "1.0.225"
source = "registry+https://github.com/rust-lang/crates.io-index"
checksum = "0ea936adf78b1f766949a4977b91d2f5595825bd6ec079aa9543ad2685fc4516"
dependencies = [
 "proc-macro2",
 "quote",
 "syn",
]

[[package]]
name = "serde_json"
version = "1.0.145"
source = "registry+https://github.com/rust-lang/crates.io-index"
checksum = "402a6f66d8c709116cf22f558eab210f5a50187f702eb4d7e5ef38d9a7f1c79c"
dependencies = [
 "itoa",
 "memchr",
 "ryu",
 "serde",
 "serde_core",
]

[[package]]
name = "serde_spanned"
version = "0.6.9"
source = "registry+https://github.com/rust-lang/crates.io-index"
checksum = "bf41e0cfaf7226dca15e8197172c295a782857fcb97fad1808a166870dee75a3"
dependencies = [
 "serde",
]

[[package]]
name = "serde_yaml"
version = "0.9.34+deprecated"
source = "registry+https://github.com/rust-lang/crates.io-index"
checksum = "6a8b1a1a2ebf674015cc02edccce75287f1a0130d394307b36743c2f5d504b47"
dependencies = [
 "indexmap",
 "itoa",
 "ryu",
 "serde",
 "unsafe-libyaml",
]

[[package]]
name = "sha2"
version = "0.10.9"
source = "registry+https://github.com/rust-lang/crates.io-index"
checksum = "a7507d819769d01a365ab707794a4084392c824f54a7a6a7862f8c3d0892b283"
dependencies = [
 "cfg-if",
 "cpufeatures",
 "digest",
]

[[package]]
name = "shlex"
version = "1.3.0"
source = "registry+https://github.com/rust-lang/crates.io-index"
checksum = "0fda2ff0d084019ba4d7c6f371c95d8fd75ce3524c3cb8fb653a3023f6323e64"

[[package]]
name = "smallvec"
version = "1.15.1"
source = "registry+https://github.com/rust-lang/crates.io-index"
checksum = "67b1b7a3b5fe4f1376887184045fcf45c69e92af734b7aaddc05fb777b6fbd03"

[[package]]
name = "storage-firewood"
version = "0.1.0"
dependencies = [
 "bincode",
 "blake3",
 "hex",
 "metrics",
 "parking_lot",
 "proptest",
 "rpp-pruning",
 "serde",
 "serde_json",
 "sha2",
 "tempfile",
 "thiserror 2.0.12",
 "tracing",
]

[[package]]
name = "syn"
version = "2.0.111"
source = "registry+https://github.com/rust-lang/crates.io-index"
checksum = "390cc9a294ab71bdb1aa2e99d13be9c753cd2d7bd6560c77118597410c4d2e87"
dependencies = [
 "proc-macro2",
 "quote",
 "unicode-ident",
]

[[package]]
name = "tempfile"
version = "3.23.0"
source = "registry+https://github.com/rust-lang/crates.io-index"
checksum = "2d31c77bdf42a745371d260a26ca7163f1e0924b64afa0b688e61b5a9fa02f16"
dependencies = [
 "fastrand",
 "getrandom",
 "once_cell",
 "rustix",
 "windows-sys",
]

[[package]]
name = "thiserror"
version = "1.0.69"
source = "registry+https://github.com/rust-lang/crates.io-index"
checksum = "b6aaf5339b578ea85b50e080feb250a3e8ae8cfcdff9a461c9ec2904bc923f52"
dependencies = [
 "thiserror-impl 1.0.69",
]

[[package]]
name = "thiserror"
version = "2.0.12"
source = "registry+https://github.com/rust-lang/crates.io-index"
checksum = "567b8a2dae586314f7be2a752ec7474332959c6460e02bde30d702a66d488708"
dependencies = [
 "thiserror-impl 2.0.12",
]

[[package]]
name = "thiserror-impl"
version = "1.0.69"
source = "registry+https://github.com/rust-lang/crates.io-index"
checksum = "4fee6c4efc90059e10f81e6d42c60a18f76588c3d74cb83a0b242a2b6c7504c1"
dependencies = [
 "proc-macro2",
 "quote",
 "syn",
]

[[package]]
name = "thiserror-impl"
version = "2.0.12"
source = "registry+https://github.com/rust-lang/crates.io-index"
checksum = "7f7cf42b4507d8ea322120659672cf1b9dbb93f8f2d4ecfd6e51350ff5b17a1d"
dependencies = [
 "proc-macro2",
 "quote",
 "syn",
]

[[package]]
name = "toml"
version = "0.8.23"
source = "registry+https://github.com/rust-lang/crates.io-index"
checksum = "dc1beb996b9d83529a9e75c17a1686767d148d70663143c7854d8b4a09ced362"
dependencies = [
 "serde",
 "serde_spanned",
 "toml_datetime",
 "toml_edit",
]

[[package]]
name = "toml_datetime"
version = "0.6.11"
source = "registry+https://github.com/rust-lang/crates.io-index"
checksum = "22cddaf88f4fbc13c51aebbf5f8eceb5c7c5a9da2ac40a13519eb5b0a0e8f11c"
dependencies = [
 "serde",
]

[[package]]
name = "toml_edit"
version = "0.22.27"
source = "registry+https://github.com/rust-lang/crates.io-index"
checksum = "41fe8c660ae4257887cf66394862d21dbca4a6ddd26f04a3560410406a2f819a"
dependencies = [
 "indexmap",
 "serde",
 "serde_spanned",
 "toml_datetime",
 "toml_write",
 "winnow",
]

[[package]]
name = "toml_write"
version = "0.1.2"
source = "registry+https://github.com/rust-lang/crates.io-index"
checksum = "5d99f8c9a7727884afe522e9bd5edbfc91a3312b36a77b5fb8926e4c31a41801"

[[package]]
name = "tracing"
version = "0.1.44"
source = "registry+https://github.com/rust-lang/crates.io-index"
checksum = "63e71662fa4b2a2c3a26f570f037eb95bb1f85397f3cd8076caed2f026a6d100"
dependencies = [
 "pin-project-lite",
 "tracing-attributes",
 "tracing-core",
]

[[package]]
name = "tracing-attributes"
version = "0.1.31"
source = "registry+https://github.com/rust-lang/crates.io-index"
checksum = "7490cfa5ec963746568740651ac6781f701c9c5ea257c58e057f3ba8cf69e8da"
dependencies = [
 "proc-macro2",
 "quote",
 "syn",
]

[[package]]
name = "tracing-core"
version = "0.1.36"
source = "registry+https://github.com/rust-lang/crates.io-index"
checksum = "db97caf9d906fbde555dd62fa95ddba9eecfd14cb388e4f491a66d74cd5fb79a"
dependencies = [
 "once_cell",
]

[[package]]
name = "typenum"
version = "1.19.0"
source = "registry+https://github.com/rust-lang/crates.io-index"
checksum = "562d481066bde0658276a35467c4af00bdc6ee726305698a55b86e61d7ad82bb"

[[package]]
name = "ucf-ai-port"
version = "0.1.0"
dependencies = [
 "blake3",
 "ucf-ai-runtime",
 "ucf-attn-controller",
 "ucf-bus",
 "ucf-cde-port",
 "ucf-commit",
 "ucf-digitalbrain-port",
 "ucf-iit-monitor",
 "ucf-lens-port",
 "ucf-ncde-port",
 "ucf-nsr-datalog",
 "ucf-nsr-port",
 "ucf-nsr-smt",
 "ucf-ode-port",
 "ucf-policy-ecology",
 "ucf-predictive-coding",
 "ucf-sae-port",
 "ucf-sandbox",
 "ucf-scm-port",
 "ucf-sle",
 "ucf-ssm-port",
 "ucf-tcf-port",
 "ucf-types",
]

[[package]]
name = "ucf-ai-runtime"
version = "0.1.0"
dependencies = [
 "ucf-sandbox",
 "ucf-types",
]

[[package]]
name = "ucf-ai-sandbox"
version = "0.1.0"
dependencies = [
 "ucf-types",
]

[[package]]
name = "ucf-archive"
version = "0.1.0"
dependencies = [
 "bincode",
 "blake3",
 "prost",
 "serde",
 "storage-firewood",
 "tempfile",
 "ucf-commit",
 "ucf-evidence",
 "ucf-fold",
 "ucf-types",
]

[[package]]
name = "ucf-archive-firewood"
version = "0.1.0"
dependencies = [
 "storage-firewood",
 "ucf-archive",
 "ucf-commit",
 "ucf-protocol",
 "ucf-types",
]

[[package]]
name = "ucf-attn-controller"
version = "0.1.0"
dependencies = [
 "blake3",
 "ucf-predictive-coding",
 "ucf-types",
]

[[package]]
name = "ucf-bus"
version = "0.1.0"
dependencies = [
 "ucf-types",
]

[[package]]
name = "ucf-cde-port"
version = "0.1.0"
dependencies = [
 "blake3",
 "ucf-types",
]

[[package]]
name = "ucf-commit"
version = "0.1.0"
dependencies = [
 "blake3",
 "ucf-crypto",
 "ucf-protocol",
 "ucf-types",
]

[[package]]
name = "ucf-consistency-engine"
version = "0.1.0"
dependencies = [
 "blake3",
 "ucf-geist",
 "ucf-ism",
 "ucf-predictive-coding",
 "ucf-types",
]

[[package]]
name = "ucf-consolidation"
version = "0.1.0"
dependencies = [
 "prost",
 "ucf-archive",
 "ucf-attn-controller",
 "ucf-bus",
 "ucf-commit",
 "ucf-policy-ecology",
 "ucf-sleep-coordinator",
 "ucf-types",
 "ucf-vector-index",
]

[[package]]
name = "ucf-crypto"
version = "0.1.0"

[[package]]
name = "ucf-digital-brain"
version = "0.1.0"
dependencies = [
 "ucf-types",
]

[[package]]
name = "ucf-digitalbrain-port"
version = "0.1.0"
dependencies = [
 "serde",
 "thiserror 1.0.69",
 "toml",
 "ucf-types",
]

[[package]]
name = "ucf-evidence"
version = "0.1.0"
dependencies = [
 "bincode",
 "serde",
 "sha2",
 "tempfile",
 "ucf-crypto",
 "ucf-fold",
 "ucf-protocol",
 "ucf-types",
]

[[package]]
name = "ucf-fold"
version = "0.1.0"
dependencies = [
 "serde",
 "serde-big-array",
 "sha2",
 "ucf-crypto",
 "ucf-types",
]

[[package]]
name = "ucf-geist"
version = "0.1.0"
dependencies = [
 "blake3",
 "ucf-archive",
 "ucf-commit",
 "ucf-policy-ecology",
 "ucf-sleep-coordinator",
 "ucf-types",
]

[[package]]
name = "ucf-iit-monitor"
version = "0.1.0"
dependencies = [
 "blake3",
 "ucf-types",
 "ucf-workspace",
]

[[package]]
name = "ucf-ingestion"
version = "0.1.0"
dependencies = [
 "prost",
 "ucf-ai-port",
 "ucf-archive",
 "ucf-bus",
 "ucf-digital-brain",
 "ucf-nsr-port",
 "ucf-policy-ecology",
 "ucf-policy-gateway",
 "ucf-risk-gate",
 "ucf-router",
 "ucf-sandbox",
 "ucf-sleep-coordinator",
 "ucf-tom-port",
 "ucf-types",
 "ucf-workspace",
]

[[package]]
name = "ucf-ism"
version = "0.1.0"
dependencies = [
 "blake3",
 "ucf-types",
]

[[package]]
name = "ucf-lens-port"
version = "0.1.0"
dependencies = [
 "blake3",
 "ucf-sandbox",
 "ucf-types",
]

[[package]]
name = "ucf-ncde-port"
version = "0.1.0"
dependencies = [
 "blake3",
 "ucf-types",
]

[[package]]
name = "ucf-nsr-datalog"
version = "0.1.0"
dependencies = [
 "ucf-nsr-port",
 "ucf-types",
]

[[package]]
name = "ucf-nsr-port"
version = "0.1.0"
dependencies = [
 "blake3",
 "ucf-types",
]

[[package]]
name = "ucf-nsr-smt"
version = "0.1.0"
dependencies = [
 "ucf-nsr-port",
 "ucf-types",
]

[[package]]
name = "ucf-ode-port"
version = "0.1.0"

[[package]]
name = "ucf-openevolve-port"
version = "0.1.0"
dependencies = [
 "ucf-types",
]

[[package]]
name = "ucf-output-router"
version = "0.1.0"
dependencies = [
 "blake3",
 "ucf-policy-ecology",
 "ucf-sandbox",
 "ucf-types",
]

[[package]]
name = "ucf-policy-ecology"
version = "0.1.0"
dependencies = [
 "ucf-commit",
 "ucf-crypto",
 "ucf-types",
]

[[package]]
name = "ucf-policy-gateway"
version = "0.1.0"
dependencies = [
 "ucf-bus",
 "ucf-types",
]

[[package]]
name = "ucf-predictive-coding"
version = "0.1.0"
dependencies = [
 "blake3",
 "ucf-types",
]

[[package]]
name = "ucf-protocol"
version = "0.1.0"
dependencies = [
 "prost",
 "serde",
 "serde_json",
]

[[package]]
name = "ucf-rig"
version = "0.1.0"
dependencies = [
 "ucf-bus",
 "ucf-digitalbrain-port",
]

[[package]]
name = "ucf-risk-gate"
version = "0.1.0"
dependencies = [
 "blake3",
 "ucf-nsr-port",
 "ucf-policy-ecology",
 "ucf-sandbox",
 "ucf-scm-port",
 "ucf-tom-port",
 "ucf-types",
]

[[package]]
name = "ucf-router"
version = "0.1.0"
dependencies = [
 "blake3",
 "hex",
 "prost",
 "ucf-ai-port",
 "ucf-archive",
 "ucf-attn-controller",
 "ucf-cde-port",
 "ucf-consistency-engine",
 "ucf-digital-brain",
 "ucf-geist",
 "ucf-iit-monitor",
 "ucf-ism",
 "ucf-nsr-port",
 "ucf-output-router",
 "ucf-policy-ecology",
 "ucf-policy-gateway",
 "ucf-predictive-coding",
 "ucf-risk-gate",
 "ucf-rsa-hooks",
 "ucf-sandbox",
 "ucf-scm-port",
 "ucf-sle",
 "ucf-ssm-port",
 "ucf-tcf-port",
 "ucf-tom-port",
 "ucf-types",
 "ucf-workspace",
]

[[package]]
name = "ucf-rsa"
version = "0.1.0"
dependencies = [
 "blake3",
 "prost",
 "ucf-archive",
 "ucf-bus",
 "ucf-openevolve-port",
 "ucf-policy-ecology",
 "ucf-types",
]

[[package]]
name = "ucf-rsa-hooks"
version = "0.1.0"
dependencies = [
 "blake3",
 "ucf-tcf-port",
 "ucf-types",
]

[[package]]
name = "ucf-sae-port"
version = "0.1.0"
dependencies = [
 "blake3",
 "ucf-digitalbrain-port",
 "ucf-lens-port",
 "ucf-types",
]

[[package]]
name = "ucf-sandbox"
version = "0.1.0"
dependencies = [
 "ucf-bus",
 "ucf-commit",
 "ucf-policy-ecology",
 "ucf-types",
]

[[package]]
name = "ucf-scm-port"
version = "0.1.0"
dependencies = [
 "blake3",
 "ucf-cde-port",
 "ucf-types",
]

[[package]]
name = "ucf-sle"
version = "0.1.0"
dependencies = [
 "blake3",
 "ucf-cde-port",
 "ucf-geist",
 "ucf-nsr-port",
 "ucf-types",
 "ucf-workspace",
]

[[package]]
name = "ucf-sleep-coordinator"
version = "0.1.0"
dependencies = [
 "blake3",
 "ucf-archive",
 "ucf-bus",
 "ucf-openevolve-port",
 "ucf-policy-ecology",
 "ucf-predictive-coding",
 "ucf-rsa",
 "ucf-types",
]

[[package]]
name = "ucf-ssm-port"
version = "0.1.0"
dependencies = [
 "blake3",
 "ucf-attn-controller",
 "ucf-types",
]

[[package]]
name = "ucf-tcf-port"
version = "0.1.0"
dependencies = [
 "blake3",
 "ucf-attn-controller",
 "ucf-predictive-coding",
 "ucf-types",
]

[[package]]
name = "ucf-terminal"
version = "0.1.0"
dependencies = [
 "ucf-bus",
 "ucf-ingestion",
 "ucf-sandbox",
 "ucf-types",
]

[[package]]
name = "ucf-tom-port"
version = "0.1.0"
dependencies = [
 "blake3",
 "ucf-sandbox",
 "ucf-types",
]

[[package]]
name = "ucf-types"
version = "0.1.0"
dependencies = [
 "serde",
 "ucf-protocol",
]

[[package]]
name = "ucf-vector-index"
version = "0.1.0"
dependencies = [
 "blake3",
 "hex",
 "serde",
 "serde_json",
 "thiserror 1.0.69",
 "ucf-archive",
 "ucf-bus",
 "ucf-commit",
 "ucf-ism",
 "ucf-types",
]

[[package]]
name = "ucf-vector-index-qdrant"
version = "0.1.0"
dependencies = [
 "ucf-types",
 "ucf-vector-index",
]

[[package]]
name = "ucf-workspace"
version = "0.1.0"
dependencies = [
 "blake3",
 "ucf-attn-controller",
 "ucf-consistency-engine",
 "ucf-output-router",
 "ucf-policy-ecology",
 "ucf-predictive-coding",
 "ucf-risk-gate",
 "ucf-sleep-coordinator",
 "ucf-types",
]

[[package]]
name = "unarray"
version = "0.1.4"
source = "registry+https://github.com/rust-lang/crates.io-index"
checksum = "eaea85b334db583fe3274d12b4cd1880032beab409c0d774be044d4480ab9a94"

[[package]]
name = "unicode-ident"
version = "1.0.22"
source = "registry+https://github.com/rust-lang/crates.io-index"
checksum = "9312f7c4f6ff9069b165498234ce8be658059c6728633667c526e27dc2cf1df5"

[[package]]
name = "unsafe-libyaml"
version = "0.2.11"
source = "registry+https://github.com/rust-lang/crates.io-index"
checksum = "673aac59facbab8a9007c7f6108d11f63b603f7cabff99fabf650fea5c32b861"

[[package]]
name = "version_check"
version = "0.9.5"
source = "registry+https://github.com/rust-lang/crates.io-index"
checksum = "0b928f33d975fc6ad9f86c8f283853ad26bdd5b10b7f1542aa2fa15e2289105a"

[[package]]
name = "wait-timeout"
version = "0.2.1"
source = "registry+https://github.com/rust-lang/crates.io-index"
checksum = "09ac3b126d3914f9849036f826e054cbabdc8519970b8998ddaf3b5bd3c65f11"
dependencies = [
 "libc",
]

[[package]]
name = "wasip2"
version = "1.0.1+wasi-0.2.4"
source = "registry+https://github.com/rust-lang/crates.io-index"
checksum = "0562428422c63773dad2c345a1882263bbf4d65cf3f42e90921f787ef5ad58e7"
dependencies = [
 "wit-bindgen",
]

[[package]]
name = "windows-link"
version = "0.2.1"
source = "registry+https://github.com/rust-lang/crates.io-index"
checksum = "f0805222e57f7521d6a62e36fa9163bc891acd422f971defe97d64e70d0a4fe5"

[[package]]
name = "windows-sys"
version = "0.61.2"
source = "registry+https://github.com/rust-lang/crates.io-index"
checksum = "ae137229bcbd6cdf0f7b80a31df61766145077ddf49416a728b02cb3921ff3fc"
dependencies = [
 "windows-link",
]

[[package]]
name = "winnow"
version = "0.7.14"
source = "registry+https://github.com/rust-lang/crates.io-index"
checksum = "5a5364e9d77fcdeeaa6062ced926ee3381faa2ee02d3eb83a5c27a8825540829"
dependencies = [
 "memchr",
]

[[package]]
name = "wire"
version = "0.1.0"
dependencies = [
 "log",
 "serde",
 "thiserror 1.0.69",
 "ucf-protocol",
]

[[package]]
name = "wit-bindgen"
version = "0.46.0"
source = "registry+https://github.com/rust-lang/crates.io-index"
checksum = "f17a85883d4e6d00e8a97c586de764dabcc06133f7f1d55dce5cdc070ad7fe59"

[[package]]
name = "zerocopy"
version = "0.8.33"
source = "registry+https://github.com/rust-lang/crates.io-index"
checksum = "668f5168d10b9ee831de31933dc111a459c97ec93225beb307aed970d1372dfd"
dependencies = [
 "zerocopy-derive",
]

[[package]]
name = "zerocopy-derive"
version = "0.8.33"
source = "registry+https://github.com/rust-lang/crates.io-index"
checksum = "2c7962b26b0a8685668b671ee4b54d007a67d4eaf05fda79ac0ecf41e32270f1"
dependencies = [
 "proc-macro2",
 "quote",
 "syn",
]

[[package]]
name = "zstd"
version = "0.13.3"
source = "registry+https://github.com/rust-lang/crates.io-index"
checksum = "e91ee311a569c327171651566e07972200e76fcfe2242a4fa446149a3881c08a"
dependencies = [
 "zstd-safe",
]

[[package]]
name = "zstd-safe"
version = "7.2.4"
source = "registry+https://github.com/rust-lang/crates.io-index"
checksum = "8f49c4d5f0abb602a93fb8736af2a4f4dd9512e36f7f570d66e65ff867ed3b9d"
dependencies = [
 "zstd-sys",
]

[[package]]
name = "zstd-sys"
version = "2.0.16+zstd.1.5.7"
source = "registry+https://github.com/rust-lang/crates.io-index"
checksum = "91e19ebc2adc8f83e43039e79776e3fda8ca919132d68a1fed6a5faca2683748"
dependencies = [
 "cc",
 "pkg-config",
]
