# This file is automatically @generated by Cargo.
# It is not intended for manual editing.
version = 4

[[package]]
name = "app"
version = "0.1.0"
dependencies = [
 "engine",
 "hpa",
 "profiles",
 "pvgs_client",
 "rsv",
 "serde",
 "serde_yaml",
 "thiserror",
 "wire",
]

[[package]]
name = "engine"
version = "0.1.0"
dependencies = [
 "profiles",
 "rsv",
 "serde",
 "thiserror",
 "wire",
]

[[package]]
name = "hpa"
version = "0.1.0"
dependencies = [
 "serde",
 "thiserror",
]

[[package]]
name = "profiles"
version = "0.1.0"
dependencies = [
 "rsv",
 "serde",
 "serde_yaml",
 "thiserror",
]

[[package]]
name = "pvgs_client"
version = "0.1.0"
dependencies = [
 "serde",
 "thiserror",
]

[[package]]
name = "rsv"
version = "0.1.0"
dependencies = [
 "serde",
 "thiserror",
]

[[package]]
name = "serde"
version = "1.0.0"
dependencies = [
 "serde_derive",
]

[[package]]
name = "serde_derive"
version = "1.0.0"

[[package]]
name = "serde_yaml"
version = "0.9.0"
dependencies = [
 "serde",
]

[[package]]
name = "thiserror"
version = "1.0.0"

[[package]]
name = "wire"
version = "0.1.0"
dependencies = [
 "serde",
 "thiserror",
]
