# This file is automatically @generated by Cargo.
# It is not intended for manual editing.
version = 4

[[package]]
name = "ahash"
version = "0.8.12"
source = "registry+https://github.com/rust-lang/crates.io-index"
checksum = "5a15f179cd60c4584b8a8c596927aadc462e27f2ca70c04e0071964a73ba7a75"
dependencies = [
 "cfg-if",
 "once_cell",
 "version_check",
 "zerocopy",
]

[[package]]
name = "anyhow"
version = "1.0.102"
source = "registry+https://github.com/rust-lang/crates.io-index"
checksum = "7f202df86484c868dbad7eaa557ef785d5c66295e41b460ef922eca0723b842c"

[[package]]
name = "arbitrary"
version = "1.4.2"
source = "registry+https://github.com/rust-lang/crates.io-index"
checksum = "c3d036a3c4ab069c7b410a2ce876bd74808d2d0888a82667669f8e783a898bf1"

[[package]]
name = "arrayref"
version = "0.3.9"
source = "registry+https://github.com/rust-lang/crates.io-index"
checksum = "76a2e8124351fda1ef8aaaa3bbd7ebbcb486bbcd4225aca0aa0d84bb2db8fecb"

[[package]]
name = "arrayvec"
version = "0.7.6"
source = "registry+https://github.com/rust-lang/crates.io-index"
checksum = "7c02d123df017efcdfbd739ef81735b36c5ba83ec3c59c80a9d7ecc718f92e50"

[[package]]
name = "autocfg"
version = "1.5.0"
source = "registry+https://github.com/rust-lang/crates.io-index"
checksum = "c08606f8c3cbf4ce6ec8e28fb0014a2c086708fe954eaa885384a6165172e7e8"

[[package]]
name = "bincode"
version = "1.3.3"
source = "registry+https://github.com/rust-lang/crates.io-index"
checksum = "b1f45e9417d87227c7a56d22e471c6206462cba514c7590c09aff4cf6d1ddcad"
dependencies = [
 "serde",
]

[[package]]
name = "blake3"
version = "1.8.3"
source = "registry+https://github.com/rust-lang/crates.io-index"
checksum = "2468ef7d57b3fb7e16b576e8377cdbde2320c60e1491e961d11da40fc4f02a2d"
dependencies = [
 "arrayref",
 "arrayvec",
 "cc",
 "cfg-if",
 "constant_time_eq",
 "cpufeatures",
]

[[package]]
name = "block-buffer"
version = "0.10.4"
source = "registry+https://github.com/rust-lang/crates.io-index"
checksum = "3078c7629b62d3f0439517fa394996acacc5cbc91c5a20d8c658e77abd503a71"
dependencies = [
 "generic-array",
]

[[package]]
name = "bytes"
version = "1.11.1"
source = "registry+https://github.com/rust-lang/crates.io-index"
checksum = "1e748733b7cbc798e1434b6ac524f0c1ff2ab456fe201501e6497c8417a4fc33"

[[package]]
name = "cc"
version = "1.2.57"
source = "registry+https://github.com/rust-lang/crates.io-index"
checksum = "7a0dd1ca384932ff3641c8718a02769f1698e7563dc6974ffd03346116310423"
dependencies = [
 "find-msvc-tools",
 "jobserver",
 "libc",
 "shlex",
]

[[package]]
name = "cfg-if"
version = "1.0.4"
source = "registry+https://github.com/rust-lang/crates.io-index"
checksum = "9330f8b2ff13f34540b44e946ef35111825727b38d33286ef986142615121801"

[[package]]
name = "constant_time_eq"
version = "0.4.2"
source = "registry+https://github.com/rust-lang/crates.io-index"
checksum = "3d52eff69cd5e647efe296129160853a42795992097e8af39800e1060caeea9b"

[[package]]
name = "cpufeatures"
version = "0.2.17"
source = "registry+https://github.com/rust-lang/crates.io-index"
checksum = "59ed5838eebb26a2bb2e58f6d5b5316989ae9d08bab10e0e6d103e656d1b0280"
dependencies = [
 "libc",
]

[[package]]
name = "crunchy"
version = "0.2.4"
source = "registry+https://github.com/rust-lang/crates.io-index"
checksum = "460fbee9c2c2f33933d720630a6a0bac33ba7053db5344fac858d4b8952d77d5"

[[package]]
name = "crypto-common"
version = "0.1.7"
source = "registry+https://github.com/rust-lang/crates.io-index"
checksum = "78c8292055d1c1df0cce5d180393dc8cce0abec0a7102adb6c7b1eef6016d60a"
dependencies = [
 "generic-array",
 "typenum",
]

[[package]]
name = "digest"
version = "0.10.7"
source = "registry+https://github.com/rust-lang/crates.io-index"
checksum = "9ed9a281f7bc9b7576e61468ba615a66a5c8cfdff42420a70aa82701a3b1e292"
dependencies = [
 "block-buffer",
 "crypto-common",
]

[[package]]
name = "either"
version = "1.15.0"
source = "registry+https://github.com/rust-lang/crates.io-index"
checksum = "48c757948c5ede0e46177b7add2e67155f70e33c07fea8284df6576da70b3719"

[[package]]
name = "equivalent"
version = "1.0.2"
source = "registry+https://github.com/rust-lang/crates.io-index"
checksum = "877a4ace8713b0bcf2a4e7eec82529c029f1d0619886d18145fea96c3ffe5c0f"

[[package]]
name = "find-msvc-tools"
version = "0.1.9"
source = "registry+https://github.com/rust-lang/crates.io-index"
checksum = "5baebc0774151f905a1a2cc41989300b1e6fbb29aff0ceffa1064fdd3088d582"

[[package]]
name = "generic-array"
version = "0.14.7"
source = "registry+https://github.com/rust-lang/crates.io-index"
checksum = "85649ca51fd72272d7821adaf274ad91c288277713d9c18820d8499a7ff69e9a"
dependencies = [
 "typenum",
 "version_check",
]

[[package]]
name = "getrandom"
version = "0.3.4"
source = "registry+https://github.com/rust-lang/crates.io-index"
checksum = "899def5c37c4fd7b2664648c28120ecec138e4d395b459e5ca34f9cce2dd77fd"
dependencies = [
 "cfg-if",
 "libc",
 "r-efi",
 "wasip2",
]

[[package]]
name = "half"
version = "2.7.1"
source = "registry+https://github.com/rust-lang/crates.io-index"
checksum = "6ea2d84b969582b4b1864a92dc5d27cd2b77b622a8d79306834f1be5ba20d84b"
dependencies = [
 "cfg-if",
 "crunchy",
 "zerocopy",
]

[[package]]
name = "hashbrown"
version = "0.16.1"
source = "registry+https://github.com/rust-lang/crates.io-index"
checksum = "841d1cc9bed7f9236f321df977030373f4a4163ae1a7dbfe1a51a2c1a51d9100"

[[package]]
name = "hex"
version = "0.4.3"
source = "registry+https://github.com/rust-lang/crates.io-index"
checksum = "7f24254aa9a54b5c858eaee2f5bccdb46aaf0e486a595ed5fd8f86ba55232a70"

[[package]]
name = "indexmap"
version = "2.13.0"
source = "registry+https://github.com/rust-lang/crates.io-index"
checksum = "7714e70437a7dc3ac8eb7e6f8df75fd8eb422675fc7678aff7364301092b1017"
dependencies = [
 "equivalent",
 "hashbrown",
]

[[package]]
name = "itertools"
version = "0.12.1"
source = "registry+https://github.com/rust-lang/crates.io-index"
checksum = "ba291022dbbd398a455acf126c1e341954079855bc60dfdda641363bd6922569"
dependencies = [
 "either",
]

[[package]]
name = "itoa"
version = "1.0.17"
source = "registry+https://github.com/rust-lang/crates.io-index"
checksum = "92ecc6618181def0457392ccd0ee51198e065e016d1d527a7ac1b6dc7c1f09d2"

[[package]]
name = "jobserver"
version = "0.1.34"
source = "registry+https://github.com/rust-lang/crates.io-index"
checksum = "9afb3de4395d6b3e67a780b6de64b51c978ecf11cb9a462c66be7d4ca9039d33"
dependencies = [
 "getrandom",
 "libc",
]

[[package]]
name = "libc"
version = "0.2.183"
source = "registry+https://github.com/rust-lang/crates.io-index"
checksum = "b5b646652bf6661599e1da8901b3b9522896f01e736bad5f723fe7a3a27f899d"

[[package]]
name = "libfuzzer-sys"
version = "0.4.12"
source = "registry+https://github.com/rust-lang/crates.io-index"
checksum = "f12a681b7dd8ce12bff52488013ba614b869148d54dd79836ab85aafdd53f08d"
dependencies = [
 "arbitrary",
 "cc",
]

[[package]]
name = "memchr"
version = "2.8.0"
source = "registry+https://github.com/rust-lang/crates.io-index"
checksum = "f8ca58f447f06ed17d5fc4043ce1b10dd205e060fb3ce5b979b8ed8e59ff3f79"

[[package]]
name = "metrics"
version = "0.24.3"
source = "registry+https://github.com/rust-lang/crates.io-index"
checksum = "5d5312e9ba3771cfa961b585728215e3d972c950a3eed9252aa093d6301277e8"
dependencies = [
 "ahash",
 "portable-atomic",
]

[[package]]
name = "num-traits"
version = "0.2.19"
source = "registry+https://github.com/rust-lang/crates.io-index"
checksum = "071dfc062690e90b734c0b2273ce72ad0ffa95f0c74596bc250dcfd960262841"
dependencies = [
 "autocfg",
]

[[package]]
name = "once_cell"
version = "1.21.4"
source = "registry+https://github.com/rust-lang/crates.io-index"
checksum = "9f7c3e4beb33f85d45ae3e3a1792185706c8e16d043238c593331cc7cd313b50"

[[package]]
name = "pin-project-lite"
version = "0.2.17"
source = "registry+https://github.com/rust-lang/crates.io-index"
checksum = "a89322df9ebe1c1578d689c92318e070967d1042b512afbe49518723f4e6d5cd"

[[package]]
name = "portable-atomic"
version = "1.13.1"
source = "registry+https://github.com/rust-lang/crates.io-index"
checksum = "c33a9471896f1c69cecef8d20cbe2f7accd12527ce60845ff44c153bb2a21b49"

[[package]]
name = "proc-macro2"
version = "1.0.106"
source = "registry+https://github.com/rust-lang/crates.io-index"
checksum = "8fd00f0bb2e90d81d1044c2b32617f68fcb9fa3bb7640c23e9c748e53fb30934"
dependencies = [
 "unicode-ident",
]

[[package]]
name = "prost"
version = "0.12.6"
source = "registry+https://github.com/rust-lang/crates.io-index"
checksum = "deb1435c188b76130da55f17a466d252ff7b1418b2ad3e037d127b94e3411f29"
dependencies = [
 "bytes",
 "prost-derive",
]

[[package]]
name = "prost-derive"
version = "0.12.6"
source = "registry+https://github.com/rust-lang/crates.io-index"
checksum = "81bddcdb20abf9501610992b6759a4c888aef7d1a7247ef75e2404275ac24af1"
dependencies = [
 "anyhow",
 "itertools",
 "proc-macro2",
 "quote",
 "syn",
]

[[package]]
name = "quote"
version = "1.0.45"
source = "registry+https://github.com/rust-lang/crates.io-index"
checksum = "41f2619966050689382d2b44f664f4bc593e129785a36d6ee376ddf37259b924"
dependencies = [
 "proc-macro2",
]

[[package]]
name = "r-efi"
version = "5.3.0"
source = "registry+https://github.com/rust-lang/crates.io-index"
checksum = "69cdb34c158ceb288df11e18b4bd39de994f6657d83847bdffdbd7f346754b0f"

[[package]]
name = "rmp"
version = "0.8.15"
source = "registry+https://github.com/rust-lang/crates.io-index"
checksum = "4ba8be72d372b2c9b35542551678538b562e7cf86c3315773cae48dfbfe7790c"
dependencies = [
 "num-traits",
]

[[package]]
name = "rmp-serde"
version = "1.3.1"
source = "registry+https://github.com/rust-lang/crates.io-index"
checksum = "72f81bee8c8ef9b577d1681a70ebbc962c232461e397b22c208c43c04b67a155"
dependencies = [
 "rmp",
 "serde",
]

[[package]]
name = "safetensors"
version = "0.4.5"
source = "registry+https://github.com/rust-lang/crates.io-index"
checksum = "44560c11236a6130a46ce36c836a62936dc81ebf8c36a37947423571be0e55b6"
dependencies = [
 "serde",
 "serde_json",
]

[[package]]
name = "serde"
version = "1.0.228"
source = "registry+https://github.com/rust-lang/crates.io-index"
checksum = "9a8e94ea7f378bd32cbbd37198a4a91436180c5bb472411e48b5ec2e2124ae9e"
dependencies = [
 "serde_core",
 "serde_derive",
]

[[package]]
name = "serde-big-array"
version = "0.5.1"
source = "registry+https://github.com/rust-lang/crates.io-index"
checksum = "11fc7cc2c76d73e0f27ee52abbd64eec84d46f370c88371120433196934e4b7f"
dependencies = [
 "serde",
]

[[package]]
name = "serde_core"
version = "1.0.228"
source = "registry+https://github.com/rust-lang/crates.io-index"
checksum = "41d385c7d4ca58e59fc732af25c3983b67ac852c1a25000afe1175de458b67ad"
dependencies = [
 "serde_derive",
]

[[package]]
name = "serde_derive"
version = "1.0.228"
source = "registry+https://github.com/rust-lang/crates.io-index"
checksum = "d540f220d3187173da220f885ab66608367b6574e925011a9353e4badda91d79"
dependencies = [
 "proc-macro2",
 "quote",
 "syn",
]

[[package]]
name = "serde_json"
version = "1.0.149"
source = "registry+https://github.com/rust-lang/crates.io-index"
checksum = "83fc039473c5595ace860d8c4fafa220ff474b3fc6bfdb4293327f1a37e94d86"
dependencies = [
 "itoa",
 "memchr",
 "serde",
 "serde_core",
 "zmij",
]

[[package]]
name = "serde_spanned"
version = "0.6.9"
source = "registry+https://github.com/rust-lang/crates.io-index"
checksum = "bf41e0cfaf7226dca15e8197172c295a782857fcb97fad1808a166870dee75a3"
dependencies = [
 "serde",
]

[[package]]
name = "sha2"
version = "0.10.9"
source = "registry+https://github.com/rust-lang/crates.io-index"
checksum = "a7507d819769d01a365ab707794a4084392c824f54a7a6a7862f8c3d0892b283"
dependencies = [
 "cfg-if",
 "cpufeatures",
 "digest",
]

[[package]]
name = "shlex"
version = "1.3.0"
source = "registry+https://github.com/rust-lang/crates.io-index"
checksum = "0fda2ff0d084019ba4d7c6f371c95d8fd75ce3524c3cb8fb653a3023f6323e64"

[[package]]
name = "syn"
version = "2.0.117"
source = "registry+https://github.com/rust-lang/crates.io-index"
checksum = "e665b8803e7b1d2a727f4023456bbbbe74da67099c585258af0ad9c5013b9b99"
dependencies = [
 "proc-macro2",
 "quote",
 "unicode-ident",
]

[[package]]
name = "thiserror"
version = "1.0.69"
source = "registry+https://github.com/rust-lang/crates.io-index"
checksum = "b6aaf5339b578ea85b50e080feb250a3e8ae8cfcdff9a461c9ec2904bc923f52"
dependencies = [
 "thiserror-impl",
]

[[package]]
name = "thiserror-impl"
version = "1.0.69"
source = "registry+https://github.com/rust-lang/crates.io-index"
checksum = "4fee6c4efc90059e10f81e6d42c60a18f76588c3d74cb83a0b242a2b6c7504c1"
dependencies = [
 "proc-macro2",
 "quote",
 "syn",
]

[[package]]
name = "toml"
version = "0.8.23"
source = "registry+https://github.com/rust-lang/crates.io-index"
checksum = "dc1beb996b9d83529a9e75c17a1686767d148d70663143c7854d8b4a09ced362"
dependencies = [
 "serde",
 "serde_spanned",
 "toml_datetime",
 "toml_edit",
]

[[package]]
name = "toml_datetime"
version = "0.6.11"
source = "registry+https://github.com/rust-lang/crates.io-index"
checksum = "22cddaf88f4fbc13c51aebbf5f8eceb5c7c5a9da2ac40a13519eb5b0a0e8f11c"
dependencies = [
 "serde",
]

[[package]]
name = "toml_edit"
version = "0.22.27"
source = "registry+https://github.com/rust-lang/crates.io-index"
checksum = "41fe8c660ae4257887cf66394862d21dbca4a6ddd26f04a3560410406a2f819a"
dependencies = [
 "indexmap",
 "serde",
 "serde_spanned",
 "toml_datetime",
 "toml_write",
 "winnow",
]

[[package]]
name = "toml_write"
version = "0.1.2"
source = "registry+https://github.com/rust-lang/crates.io-index"
checksum = "5d99f8c9a7727884afe522e9bd5edbfc91a3312b36a77b5fb8926e4c31a41801"

[[package]]
name = "tracing"
version = "0.1.44"
source = "registry+https://github.com/rust-lang/crates.io-index"
checksum = "63e71662fa4b2a2c3a26f570f037eb95bb1f85397f3cd8076caed2f026a6d100"
dependencies = [
 "pin-project-lite",
 "tracing-attributes",
 "tracing-core",
]

[[package]]
name = "tracing-attributes"
version = "0.1.31"
source = "registry+https://github.com/rust-lang/crates.io-index"
checksum = "7490cfa5ec963746568740651ac6781f701c9c5ea257c58e057f3ba8cf69e8da"
dependencies = [
 "proc-macro2",
 "quote",
 "syn",
]

[[package]]
name = "tracing-core"
version = "0.1.36"
source = "registry+https://github.com/rust-lang/crates.io-index"
checksum = "db97caf9d906fbde555dd62fa95ddba9eecfd14cb388e4f491a66d74cd5fb79a"
dependencies = [
 "once_cell",
]

[[package]]
name = "typenum"
version = "1.19.0"
source = "registry+https://github.com/rust-lang/crates.io-index"
checksum = "562d481066bde0658276a35467c4af00bdc6ee726305698a55b86e61d7ad82bb"

[[package]]
name = "ucf-archive"
version = "0.1.0"
dependencies = [
 "bincode",
 "blake3",
 "prost",
 "serde",
 "ucf-commit",
 "ucf-evidence",
 "ucf-fold",
 "ucf-types",
]

[[package]]
name = "ucf-archive-store"
version = "0.1.0"
dependencies = [
 "blake3",
 "ucf-types",
]

[[package]]
name = "ucf-attn-controller"
version = "0.1.0"
dependencies = [
 "blake3",
 "ucf-predictive-coding",
 "ucf-types",
]

[[package]]
name = "ucf-biophys"
version = "0.1.0"
dependencies = [
 "sha2",
 "ucf-core",
 "ucf-frames",
]

[[package]]
name = "ucf-bluebrain-bridge"
version = "0.1.0"
dependencies = [
 "ucf-brainbus",
 "ucf-core",
 "ucf-ess",
 "ucf-frames",
]

[[package]]
name = "ucf-brainbus"
version = "0.1.0"
dependencies = [
 "ucf-core",
 "ucf-frames",
]

[[package]]
name = "ucf-bus"
version = "0.1.0"
dependencies = [
 "ucf-types",
]

[[package]]
name = "ucf-cde"
version = "0.1.0"
dependencies = [
 "blake3",
 "ucf-spikebus",
 "ucf-types",
]

[[package]]
name = "ucf-cde-port"
version = "0.1.0"
dependencies = [
 "blake3",
 "ucf-types",
]

[[package]]
name = "ucf-cde-scm"
version = "0.1.0"
dependencies = [
 "blake3",
 "ucf-influence",
 "ucf-spikebus",
 "ucf-types",
]

[[package]]
name = "ucf-commit"
version = "0.1.0"
dependencies = [
 "blake3",
 "ucf-crypto",
 "ucf-protocol",
 "ucf-types",
]

[[package]]
name = "ucf-compute"
version = "0.1.0"
dependencies = [
 "half",
 "hex",
 "libc",
 "metrics",
 "rmp-serde",
 "safetensors",
 "serde",
 "serde_json",
 "sha2",
 "thiserror",
 "toml",
 "tracing",
 "ucf-core",
 "ucf-frames",
 "ucf-types",
]

[[package]]
name = "ucf-consistency-engine"
version = "0.1.0"
dependencies = [
 "blake3",
 "ucf-geist",
 "ucf-ism",
 "ucf-predictive-coding",
 "ucf-types",
]

[[package]]
name = "ucf-core"
version = "0.1.0"
dependencies = [
 "anyhow",
 "blake3",
]

[[package]]
name = "ucf-coupling"
version = "0.1.0"
dependencies = [
 "blake3",
 "ucf-types",
]

[[package]]
name = "ucf-crypto"
version = "0.1.0"

[[package]]
name = "ucf-dbm"
version = "0.1.0"

[[package]]
name = "ucf-ess"
version = "0.1.0"
dependencies = [
 "serde",
 "sha2",
 "ucf-core",
 "ucf-frames",
 "ucf-types",
]

[[package]]
name = "ucf-evidence"
version = "0.1.0"
dependencies = [
 "bincode",
 "serde",
 "sha2",
 "ucf-crypto",
 "ucf-fold",
 "ucf-protocol",
 "ucf-types",
]

[[package]]
name = "ucf-fep"
version = "0.1.0"
dependencies = [
 "ucf-types",
]

[[package]]
name = "ucf-fold"
version = "0.1.0"
dependencies = [
 "serde",
 "serde-big-array",
 "sha2",
 "ucf-crypto",
 "ucf-types",
]

[[package]]
name = "ucf-frames"
version = "0.1.0"
dependencies = [
 "ucf-core",
]

[[package]]
name = "ucf-fuzz"
version = "0.0.0"
dependencies = [
 "libfuzzer-sys",
 "serde_json",
 "ucf-policy",
 "ucf-runtime",
 "ucf-types",
]

[[package]]
name = "ucf-geist"
version = "0.1.0"
dependencies = [
 "blake3",
 "ucf-archive",
 "ucf-commit",
 "ucf-policy-ecology",
 "ucf-recursion-controller",
 "ucf-sleep-coordinator",
 "ucf-types",
]

[[package]]
name = "ucf-iit"
version = "0.1.0"
dependencies = [
 "blake3",
 "ucf-types",
]

[[package]]
name = "ucf-iit-proxy"
version = "0.1.0"

[[package]]
name = "ucf-influence"
version = "0.1.0"
dependencies = [
 "blake3",
 "ucf-types",
]

[[package]]
name = "ucf-ism"
version = "0.1.0"
dependencies = [
 "blake3",
 "ucf-types",
]

[[package]]
name = "ucf-ncde"
version = "0.1.0"
dependencies = [
 "blake3",
 "ucf-coupling",
 "ucf-spikebus",
 "ucf-types",
]

[[package]]
name = "ucf-neuromod"
version = "0.1.0"
dependencies = [
 "ucf-core",
 "ucf-ess",
 "ucf-frames",
]

[[package]]
name = "ucf-nsr"
version = "0.1.0"
dependencies = [
 "blake3",
 "metrics",
 "ucf-cde-scm",
 "ucf-influence",
 "ucf-sandbox",
 "ucf-spikebus",
 "ucf-structural-store",
 "ucf-types",
]

[[package]]
name = "ucf-nsr-port"
version = "0.1.0"
dependencies = [
 "blake3",
 "ucf-nsr",
 "ucf-types",
]

[[package]]
name = "ucf-onn"
version = "0.1.0"
dependencies = [
 "blake3",
 "ucf-brainbus",
 "ucf-core",
 "ucf-types",
]

[[package]]
name = "ucf-openevolve-port"
version = "0.1.0"
dependencies = [
 "ucf-types",
]

[[package]]
name = "ucf-output-router"
version = "0.1.0"
dependencies = [
 "blake3",
 "ucf-nsr-port",
 "ucf-policy-ecology",
 "ucf-recursion-controller",
 "ucf-sandbox",
 "ucf-types",
]

[[package]]
name = "ucf-params-registry"
version = "0.1.0"
dependencies = [
 "blake3",
 "ucf-types",
]

[[package]]
name = "ucf-policy"
version = "0.1.0"
dependencies = [
 "blake3",
 "hex",
 "metrics",
 "serde",
 "sha2",
 "thiserror",
 "toml",
 "tracing",
 "ucf-bluebrain-bridge",
 "ucf-brainbus",
 "ucf-core",
 "ucf-frames",
 "ucf-types",
]

[[package]]
name = "ucf-policy-ecology"
version = "0.1.0"
dependencies = [
 "ucf-crypto",
 "ucf-types",
]

[[package]]
name = "ucf-predictive-coding"
version = "0.1.0"
dependencies = [
 "blake3",
 "ucf-types",
]

[[package]]
name = "ucf-protocol"
version = "0.1.0"
dependencies = [
 "blake3",
 "prost",
 "serde",
]

[[package]]
name = "ucf-recursion-controller"
version = "0.1.0"
dependencies = [
 "blake3",
 "ucf-types",
]

[[package]]
name = "ucf-risk-gate"
version = "0.1.0"
dependencies = [
 "blake3",
 "ucf-nsr-port",
 "ucf-policy-ecology",
 "ucf-sandbox",
 "ucf-scm-port",
 "ucf-tom-port",
 "ucf-types",
]

[[package]]
name = "ucf-rsa"
version = "0.1.0"
dependencies = [
 "blake3",
 "ucf-archive",
 "ucf-archive-store",
 "ucf-bus",
 "ucf-openevolve-port",
 "ucf-params-registry",
 "ucf-policy-ecology",
 "ucf-spikebus",
 "ucf-structural-store",
 "ucf-types",
]

[[package]]
name = "ucf-runtime"
version = "0.1.0"
dependencies = [
 "blake3",
 "hex",
 "libc",
 "metrics",
 "serde",
 "serde_json",
 "sha2",
 "thiserror",
 "tracing",
 "ucf-biophys",
 "ucf-bluebrain-bridge",
 "ucf-brainbus",
 "ucf-cde",
 "ucf-compute",
 "ucf-core",
 "ucf-dbm",
 "ucf-ess",
 "ucf-fep",
 "ucf-frames",
 "ucf-iit-proxy",
 "ucf-ncde",
 "ucf-neuromod",
 "ucf-nsr",
 "ucf-onn",
 "ucf-policy",
 "ucf-sle",
 "ucf-snn",
 "ucf-spikes",
 "ucf-ssm",
 "ucf-tcf",
 "ucf-types",
]

[[package]]
name = "ucf-sandbox"
version = "0.1.0"
dependencies = [
 "blake3",
 "ucf-commit",
 "ucf-types",
]

[[package]]
name = "ucf-scm-port"
version = "0.1.0"
dependencies = [
 "blake3",
 "ucf-cde-port",
 "ucf-types",
]

[[package]]
name = "ucf-sle"
version = "0.1.0"
dependencies = [
 "blake3",
 "ucf-cde-port",
 "ucf-geist",
 "ucf-nsr-port",
 "ucf-types",
 "ucf-workspace",
]

[[package]]
name = "ucf-sleep-coordinator"
version = "0.1.0"
dependencies = [
 "blake3",
 "ucf-bus",
 "ucf-openevolve-port",
 "ucf-policy-ecology",
 "ucf-predictive-coding",
 "ucf-rsa",
 "ucf-structural-store",
 "ucf-types",
]

[[package]]
name = "ucf-snn"
version = "0.1.0"
dependencies = [
 "ucf-brainbus",
 "ucf-core",
 "ucf-frames",
 "ucf-onn",
]

[[package]]
name = "ucf-spikebus"
version = "0.1.0"
dependencies = [
 "blake3",
 "ucf-onn",
 "ucf-types",
]

[[package]]
name = "ucf-spikes"
version = "0.1.0"

[[package]]
name = "ucf-ssm"
version = "0.1.0"
dependencies = [
 "blake3",
 "ucf-coupling",
 "ucf-spikebus",
 "ucf-types",
]

[[package]]
name = "ucf-structural-store"
version = "0.1.0"
dependencies = [
 "blake3",
 "ucf-ncde",
 "ucf-onn",
 "ucf-spikebus",
 "ucf-ssm",
 "ucf-types",
]

[[package]]
name = "ucf-tcf"
version = "0.1.0"
dependencies = [
 "blake3",
 "ucf-types",
]

[[package]]
name = "ucf-tom-port"
version = "0.1.0"
dependencies = [
 "blake3",
 "ucf-sandbox",
 "ucf-types",
]

[[package]]
name = "ucf-types"
version = "0.1.0"
dependencies = [
 "serde",
 "sha2",
 "ucf-protocol",
]

[[package]]
name = "ucf-workspace"
version = "0.1.0"
dependencies = [
 "blake3",
 "ucf-attn-controller",
 "ucf-consistency-engine",
 "ucf-iit",
 "ucf-output-router",
 "ucf-policy-ecology",
 "ucf-predictive-coding",
 "ucf-risk-gate",
 "ucf-sleep-coordinator",
 "ucf-spikebus",
 "ucf-structural-store",
 "ucf-types",
]

[[package]]
name = "unicode-ident"
version = "1.0.24"
source = "registry+https://github.com/rust-lang/crates.io-index"
checksum = "e6e4313cd5fcd3dad5cafa179702e2b244f760991f45397d14d4ebf38247da75"

[[package]]
name = "version_check"
version = "0.9.5"
source = "registry+https://github.com/rust-lang/crates.io-index"
checksum = "0b928f33d975fc6ad9f86c8f283853ad26bdd5b10b7f1542aa2fa15e2289105a"

[[package]]
name = "wasip2"
version = "1.0.2+wasi-0.2.9"
source = "registry+https://github.com/rust-lang/crates.io-index"
checksum = "9517f9239f02c069db75e65f174b3da828fe5f5b945c4dd26bd25d89c03ebcf5"
dependencies = [
 "wit-bindgen",
]

[[package]]
name = "winnow"
version = "0.7.15"
source = "registry+https://github.com/rust-lang/crates.io-index"
checksum = "df79d97927682d2fd8adb29682d1140b343be4ac0f08fd68b7765d9c059d3945"
dependencies = [
 "memchr",
]

[[package]]
name = "wit-bindgen"
version = "0.51.0"
source = "registry+https://github.com/rust-lang/crates.io-index"
checksum = "d7249219f66ced02969388cf2bb044a09756a083d0fab1e566056b04d9fbcaa5"

[[package]]
name = "zerocopy"
version = "0.8.42"
source = "registry+https://github.com/rust-lang/crates.io-index"
checksum = "f2578b716f8a7a858b7f02d5bd870c14bf4ddbbcf3a4c05414ba6503640505e3"
dependencies = [
 "zerocopy-derive",
]

[[package]]
name = "zerocopy-derive"
version = "0.8.42"
source = "registry+https://github.com/rust-lang/crates.io-index"
checksum = "7e6cc098ea4d3bd6246687de65af3f920c430e236bee1e3bf2e441463f08a02f"
dependencies = [
 "proc-macro2",
 "quote",
 "syn",
]

[[package]]
name = "zmij"
version = "1.0.21"
source = "registry+https://github.com/rust-lang/crates.io-index"
checksum = "b8848ee67ecc8aedbaf3e4122217aff892639231befc6a1b58d29fff4c2cabaa"
